
Microsoft Visual Studio Solution File, Format Version 12.00
# Visual Studio Version 17
VisualStudioVersion = 17.7.34031.279
MinimumVisualStudioVersion = 10.0.40219.1
Project("{2150E333-8FDC-42A3-9474-1A3956D46DE8}") = "Services", "Services", "{5D0E8A55-C7CB-445C-8E02-9E7E38A57958}"
EndProject
Project("{2150E333-8FDC-42A3-9474-1A3956D46DE8}") = "Catalog", "Catalog", "{F17EF728-59A0-42C2-AFAB-94CB3F8DD8DC}"
EndProject
Project("{FAE04EC0-301F-11D3-BF4B-00C04F79EFBC}") = "Catelog.API", "Services\Catalog\Catelog.API\Catelog.API.csproj", "{C385B321-93B2-49FC-B915-FF16A1AD8892}"
EndProject
Global
	GlobalSection(SolutionConfigurationPlatforms) = preSolution
		Debug|Any CPU = Debug|Any CPU
		Release|Any CPU = Release|Any CPU
	EndGlobalSection
	GlobalSection(ProjectConfigurationPlatforms) = postSolution
		{C385B321-93B2-49FC-B915-FF16A1AD8892}.Debug|Any CPU.ActiveCfg = Debug|Any CPU
		{C385B321-93B2-49FC-B915-FF16A1AD8892}.Debug|Any CPU.Build.0 = Debug|Any CPU
		{C385B321-93B2-49FC-B915-FF16A1AD8892}.Release|Any CPU.ActiveCfg = Release|Any CPU
		{C385B321-93B2-49FC-B915-FF16A1AD8892}.Release|Any CPU.Build.0 = Release|Any CPU
	EndGlobalSection
	GlobalSection(SolutionProperties) = preSolution
		HideSolutionNode = FALSE
	EndGlobalSection
	GlobalSection(NestedProjects) = preSolution
		{F17EF728-59A0-42C2-AFAB-94CB3F8DD8DC} = {5D0E8A55-C7CB-445C-8E02-9E7E38A57958}
		{C385B321-93B2-49FC-B915-FF16A1AD8892} = {F17EF728-59A0-42C2-AFAB-94CB3F8DD8DC}
	EndGlobalSection
	GlobalSection(ExtensibilityGlobals) = postSolution
		SolutionGuid = {AA3318AD-106B-4CD5-9A76-062EAC95202F}
	EndGlobalSection
EndGlobal
